<?xml version="1.0" encoding="utf-8"?>
<Project ToolsVersion="4.0" xmlns="http://schemas.microsoft.com/developer/msbuild/2003">
  <ItemGroup>
    <Filter Include="01 Основные">
      <UniqueIdentifier>{4FC737F1-C7A5-4376-A066-2A32D752A2FF}</UniqueIdentifier>
      <Extensions>cpp;c;cc;cxx;c++;cppm;ixx;def;odl;idl;hpj;bat;asm;asmx</Extensions>
    </Filter>
    <Filter Include="02 Ресурсы">
      <UniqueIdentifier>{caf86745-50f6-4652-9fa8-820363da476d}</UniqueIdentifier>
    </Filter>
    <Filter Include="03 Прочее">
      <UniqueIdentifier>{acd56a78-14a0-48e7-b7e9-d5714b8078c6}</UniqueIdentifier>
    </Filter>
    <Filter Include="04 Скрипты">
      <UniqueIdentifier>{1b6a64df-6557-420a-9f6e-c374ccbbd340}</UniqueIdentifier>
    </Filter>
  </ItemGroup>
  <ItemGroup>
    <ClInclude Include="starter.h">
      <Filter>01 Основные</Filter>
    </ClInclude>
    <ClInclude Include="framework.h">
      <Filter>03 Прочее</Filter>
    </ClInclude>
    <ClInclude Include="pch.h">
      <Filter>03 Прочее</Filter>
    </ClInclude>
    <ClInclude Include="Resource.h">
      <Filter>02 Ресурсы</Filter>
    </ClInclude>
    <ClInclude Include="targetver.h">
      <Filter>03 Прочее</Filter>
    </ClInclude>
    <ClInclude Include="..\include\core_as.h">
      <Filter>03 Прочее</Filter>
    </ClInclude>
    <ClInclude Include="modules_list.h">
      <Filter>01 Основные</Filter>
    </ClInclude>
  </ItemGroup>
  <ItemGroup>
    <ClCompile Include="starter.cpp">
      <Filter>01 Основные</Filter>
    </ClCompile>
    <ClCompile Include="pch.cpp">
      <Filter>03 Прочее</Filter>
    </ClCompile>
    <ClCompile Include="modules_list.cpp">
      <Filter>01 Основные</Filter>
    </ClCompile>
    <ClCompile Include="delay.cpp">
      <Filter>01 Основные</Filter>
    </ClCompile>
  </ItemGroup>
  <ItemGroup>
    <Image Include="starter.ico">
      <Filter>02 Ресурсы</Filter>
    </Image>
  </ItemGroup>
  <ItemGroup>
    <ResourceCompile Include="starter.rc">
      <Filter>02 Ресурсы</Filter>
    </ResourceCompile>
  </ItemGroup>
  <ItemGroup>
    <None Include="..\modules\starter\src\main.as">
      <Filter>04 Скрипты</Filter>
    </None>
    <None Include="..\modules\starter\src\ipc\ipc.as">
      <Filter>04 Скрипты</Filter>
    </None>
  </ItemGroup>
</Project>